// !$*UTF8*$!
{
	archiveVersion = 1;
	classes = {
	};
	objectVersion = 77;
	objects = {

/* Begin PBXBuildFile section */
		195C11CD3DB9B21ACA703944 /* Book.swift in Sources */ = {isa = PBXBuildFile; fileRef = 2F529F0496C00F10A12C962A /* Book.swift */; };
		41652A4ED6964D8E7D3C53B2 /* ReaderSettingsView.swift in Sources */ = {isa = PBXBuildFile; fileRef = BFD06E63286A3D5D1E296A06 /* ReaderSettingsView.swift */; };
		425B41CA21018F8D3C475355 /* NovelReaderApp.swift in Sources */ = {isa = PBXBuildFile; fileRef = AD5468FFD2CE9D9E4CDBA357 /* NovelReaderApp.swift */; };
		47D96C53022852AEC1D06E36 /* ContentView.swift in Sources */ = {isa = PBXBuildFile; fileRef = F4B9913C74AA3B94B5C1028C /* ContentView.swift */; };
		6DD897C174CAFC429F940E33 /* ReaderViewModel.swift in Sources */ = {isa = PBXBuildFile; fileRef = 1BDAF39FDF45114144ABBD40 /* ReaderViewModel.swift */; };
		81B962145421CE2ADD5FFB49 /* Assets.xcassets in Resources */ = {isa = PBXBuildFile; fileRef = CCF86F581624EC1FD97282C6 /* Assets.xcassets */; };
		9509198E785BDC74BB81ED93 /* ReaderView.swift in Sources */ = {isa = PBXBuildFile; fileRef = 2638A275910D8F94938A7E3A /* ReaderView.swift */; };
		A93941A37B94E9F6BB7FC599 /* ChapterListView.swift in Sources */ = {isa = PBXBuildFile; fileRef = 1038D47530C4E60F15883ABE /* ChapterListView.swift */; };
		E3F79582E2341E31F34F55B0 /* VolumeListView.swift in Sources */ = {isa = PBXBuildFile; fileRef = 5811C7ED554A0276969D9E01 /* VolumeListView.swift */; };
		E4D7933E040B842CC5340D26 /* Books in Resources */ = {isa = PBXBuildFile; fileRef = CF064D1A1D5329B466E937B3 /* Books */; };
		EA8537BFF8E74EBE00A17970 /* BookshelfView.swift in Sources */ = {isa = PBXBuildFile; fileRef = 1C519B20F04F55A3335388BD /* BookshelfView.swift */; };
		EF7356FDAAF4EC50DBECF8B2 /* TextPaginator.swift in Sources */ = {isa = PBXBuildFile; fileRef = 169776B192052AE930592B32 /* TextPaginator.swift */; };
		F86F7E4A1DA867764138D67D /* MarkdownParser.swift in Sources */ = {isa = PBXBuildFile; fileRef = 2AF96EB45206CE29A8CC4F94 /* MarkdownParser.swift */; };
/* End PBXBuildFile section */

/* Begin PBXFileReference section */
		1038D47530C4E60F15883ABE /* ChapterListView.swift */ = {isa = PBXFileReference; lastKnownFileType = sourcecode.swift; path = ChapterListView.swift; sourceTree = "<group>"; };
		169776B192052AE930592B32 /* TextPaginator.swift */ = {isa = PBXFileReference; lastKnownFileType = sourcecode.swift; path = TextPaginator.swift; sourceTree = "<group>"; };
		1BDAF39FDF45114144ABBD40 /* ReaderViewModel.swift */ = {isa = PBXFileReference; lastKnownFileType = sourcecode.swift; path = ReaderViewModel.swift; sourceTree = "<group>"; };
		1C519B20F04F55A3335388BD /* BookshelfView.swift */ = {isa = PBXFileReference; lastKnownFileType = sourcecode.swift; path = BookshelfView.swift; sourceTree = "<group>"; };
		2638A275910D8F94938A7E3A /* ReaderView.swift */ = {isa = PBXFileReference; lastKnownFileType = sourcecode.swift; path = ReaderView.swift; sourceTree = "<group>"; };
		2AF96EB45206CE29A8CC4F94 /* MarkdownParser.swift */ = {isa = PBXFileReference; lastKnownFileType = sourcecode.swift; path = MarkdownParser.swift; sourceTree = "<group>"; };
		2F529F0496C00F10A12C962A /* Book.swift */ = {isa = PBXFileReference; lastKnownFileType = sourcecode.swift; path = Book.swift; sourceTree = "<group>"; };
		51D74D3C235CD57D52DF4300 /* NovelReader.app */ = {isa = PBXFileReference; explicitFileType = wrapper.application; includeInIndex = 0; path = NovelReader.app; sourceTree = BUILT_PRODUCTS_DIR; };
		5811C7ED554A0276969D9E01 /* VolumeListView.swift */ = {isa = PBXFileReference; lastKnownFileType = sourcecode.swift; path = VolumeListView.swift; sourceTree = "<group>"; };
		84BE9D5ECE56104E6EEC8C18 /* Config.xcconfig */ = {isa = PBXFileReference; lastKnownFileType = text.xcconfig; path = Config.xcconfig; sourceTree = "<group>"; };
		AD5468FFD2CE9D9E4CDBA357 /* NovelReaderApp.swift */ = {isa = PBXFileReference; lastKnownFileType = sourcecode.swift; path = NovelReaderApp.swift; sourceTree = "<group>"; };
		BFD06E63286A3D5D1E296A06 /* ReaderSettingsView.swift */ = {isa = PBXFileReference; lastKnownFileType = sourcecode.swift; path = ReaderSettingsView.swift; sourceTree = "<group>"; };
		CCF86F581624EC1FD97282C6 /* Assets.xcassets */ = {isa = PBXFileReference; lastKnownFileType = folder.assetcatalog; path = Assets.xcassets; sourceTree = "<group>"; };
		CF064D1A1D5329B466E937B3 /* Books */ = {isa = PBXFileReference; lastKnownFileType = folder; name = Books; path = NovelReader/Books; sourceTree = SOURCE_ROOT; };
		F4B9913C74AA3B94B5C1028C /* ContentView.swift */ = {isa = PBXFileReference; lastKnownFileType = sourcecode.swift; path = ContentView.swift; sourceTree = "<group>"; };
/* End PBXFileReference section */

/* Begin PBXGroup section */
		1D7EC835E2F0EB5E922434E3 /* ViewModels */ = {
			isa = PBXGroup;
			children = (
				1BDAF39FDF45114144ABBD40 /* ReaderViewModel.swift */,
			);
			path = ViewModels;
			sourceTree = "<group>";
		};
		22B38DA891CC3A967A3B99C0 /* Services */ = {
			isa = PBXGroup;
			children = (
				2AF96EB45206CE29A8CC4F94 /* MarkdownParser.swift */,
				169776B192052AE930592B32 /* TextPaginator.swift */,
			);
			path = Services;
			sourceTree = "<group>";
		};
		452D441A72679B0CB9D43365 /* NovelReader */ = {
			isa = PBXGroup;
			children = (
				84BE9D5ECE56104E6EEC8C18 /* Config.xcconfig */,
			);
			name = NovelReader;
			path = .;
			sourceTree = "<group>";
		};
		7CB7C2401DAA3137634163F1 /* Models */ = {
			isa = PBXGroup;
			children = (
				2F529F0496C00F10A12C962A /* Book.swift */,
			);
			path = Models;
			sourceTree = "<group>";
		};
		B3134DE9D30950F701F364CD = {
			isa = PBXGroup;
			children = (
				CF064D1A1D5329B466E937B3 /* Books */,
				B50231C61B2C9FDE2824D6F0 /* NovelReader */,
				452D441A72679B0CB9D43365 /* NovelReader */,
				BAFBBE25EFCA1134B2F8A026 /* Products */,
			);
			sourceTree = "<group>";
		};
		B50231C61B2C9FDE2824D6F0 /* NovelReader */ = {
			isa = PBXGroup;
			children = (
				CCF86F581624EC1FD97282C6 /* Assets.xcassets */,
				F4B9913C74AA3B94B5C1028C /* ContentView.swift */,
				AD5468FFD2CE9D9E4CDBA357 /* NovelReaderApp.swift */,
				7CB7C2401DAA3137634163F1 /* Models */,
				22B38DA891CC3A967A3B99C0 /* Services */,
				1D7EC835E2F0EB5E922434E3 /* ViewModels */,
				FDFF60BD8399CAA973627E5D /* Views */,
			);
			path = NovelReader;
			sourceTree = "<group>";
		};
		BAFBBE25EFCA1134B2F8A026 /* Products */ = {
			isa = PBXGroup;
			children = (
				51D74D3C235CD57D52DF4300 /* NovelReader.app */,
			);
			name = Products;
			sourceTree = "<group>";
		};
		FDFF60BD8399CAA973627E5D /* Views */ = {
			isa = PBXGroup;
			children = (
				1C519B20F04F55A3335388BD /* BookshelfView.swift */,
				1038D47530C4E60F15883ABE /* ChapterListView.swift */,
				BFD06E63286A3D5D1E296A06 /* ReaderSettingsView.swift */,
				2638A275910D8F94938A7E3A /* ReaderView.swift */,
				5811C7ED554A0276969D9E01 /* VolumeListView.swift */,
			);
			path = Views;
			sourceTree = "<group>";
		};
/* End PBXGroup section */

/* Begin PBXNativeTarget section */
		3A4129EE831ED5506F4DE0E6 /* NovelReader */ = {
			isa = PBXNativeTarget;
			buildConfigurationList = 049D13E25DAFB810B19DAFF1 /* Build configuration list for PBXNativeTarget "NovelReader" */;
			buildPhases = (
				51145169193469BA972183A0 /* Sources */,
				8972B4A3FAB4038E11507448 /* Resources */,
			);
			buildRules = (
			);
			dependencies = (
			);
			name = NovelReader;
			packageProductDependencies = (
			);
			productName = NovelReader;
			productReference = 51D74D3C235CD57D52DF4300 /* NovelReader.app */;
			productType = "com.apple.product-type.application";
		};
/* End PBXNativeTarget section */

/* Begin PBXProject section */
		DDF257CEE18D75384BC10762 /* Project object */ = {
			isa = PBXProject;
			attributes = {
				BuildIndependentTargetsInParallel = YES;
				LastUpgradeCheck = 1430;
			};
			buildConfigurationList = B7B6D9B37C35F6C8C98C20BD /* Build configuration list for PBXProject "NovelReader" */;
			developmentRegion = en;
			hasScannedForEncodings = 0;
			knownRegions = (
				Base,
				en,
			);
			mainGroup = B3134DE9D30950F701F364CD;
			minimizedProjectReferenceProxies = 1;
			preferredProjectObjectVersion = 77;
			productRefGroup = BAFBBE25EFCA1134B2F8A026 /* Products */;
			projectDirPath = "";
			projectRoot = "";
			targets = (
				3A4129EE831ED5506F4DE0E6 /* NovelReader */,
			);
		};
/* End PBXProject section */

/* Begin PBXResourcesBuildPhase section */
		8972B4A3FAB4038E11507448 /* Resources */ = {
			isa = PBXResourcesBuildPhase;
			buildActionMask = 2147483647;
			files = (
				81B962145421CE2ADD5FFB49 /* Assets.xcassets in Resources */,
				E4D7933E040B842CC5340D26 /* Books in Resources */,
			);
			runOnlyForDeploymentPostprocessing = 0;
		};
/* End PBXResourcesBuildPhase section */

/* Begin PBXSourcesBuildPhase section */
		51145169193469BA972183A0 /* Sources */ = {
			isa = PBXSourcesBuildPhase;
			buildActionMask = 2147483647;
			files = (
				195C11CD3DB9B21ACA703944 /* Book.swift in Sources */,
				EA8537BFF8E74EBE00A17970 /* BookshelfView.swift in Sources */,
				A93941A37B94E9F6BB7FC599 /* ChapterListView.swift in Sources */,
				47D96C53022852AEC1D06E36 /* ContentView.swift in Sources */,
				F86F7E4A1DA867764138D67D /* MarkdownParser.swift in Sources */,
				425B41CA21018F8D3C475355 /* NovelReaderApp.swift in Sources */,
				41652A4ED6964D8E7D3C53B2 /* ReaderSettingsView.swift in Sources */,
				9509198E785BDC74BB81ED93 /* ReaderView.swift in Sources */,
				6DD897C174CAFC429F940E33 /* ReaderViewModel.swift in Sources */,
				EF7356FDAAF4EC50DBECF8B2 /* TextPaginator.swift in Sources */,
				E3F79582E2341E31F34F55B0 /* VolumeListView.swift in Sources */,
			);
			runOnlyForDeploymentPostprocessing = 0;
		};
/* End PBXSourcesBuildPhase section */

/* Begin XCBuildConfiguration section */
		43820FD2365E4847F08798EE /* Release */ = {
			isa = XCBuildConfiguration;
			buildSettings = {
				ALWAYS_SEARCH_USER_PATHS = NO;
				CLANG_ANALYZER_NONNULL = YES;
				CLANG_ANALYZER_NUMBER_OBJECT_CONVERSION = YES_AGGRESSIVE;
				CLANG_CXX_LANGUAGE_STANDARD = "gnu++14";
				CLANG_CXX_LIBRARY = "libc++";
				CLANG_ENABLE_MODULES = YES;
				CLANG_ENABLE_OBJC_ARC = YES;
				CLANG_ENABLE_OBJC_WEAK = YES;
				CLANG_WARN_BLOCK_CAPTURE_AUTORELEASING = YES;
				CLANG_WARN_BOOL_CONVERSION = YES;
				CLANG_WARN_COMMA = YES;
				CLANG_WARN_CONSTANT_CONVERSION = YES;
				CLANG_WARN_DEPRECATED_OBJC_IMPLEMENTATIONS = YES;
				CLANG_WARN_DIRECT_OBJC_ISA_USAGE = YES_ERROR;
				CLANG_WARN_DOCUMENTATION_COMMENTS = YES;
				CLANG_WARN_EMPTY_BODY = YES;
				CLANG_WARN_ENUM_CONVERSION = YES;
				CLANG_WARN_INFINITE_RECURSION = YES;
				CLANG_WARN_INT_CONVERSION = YES;
				CLANG_WARN_NON_LITERAL_NULL_CONVERSION = YES;
				CLANG_WARN_OBJC_IMPLICIT_RETAIN_SELF = YES;
				CLANG_WARN_OBJC_LITERAL_CONVERSION = YES;
				CLANG_WARN_OBJC_ROOT_CLASS = YES_ERROR;
				CLANG_WARN_QUOTED_INCLUDE_IN_FRAMEWORK_HEADER = YES;
				CLANG_WARN_RANGE_LOOP_ANALYSIS = YES;
				CLANG_WARN_STRICT_PROTOTYPES = YES;
				CLANG_WARN_SUSPICIOUS_MOVE = YES;
				CLANG_WARN_UNGUARDED_AVAILABILITY = YES_AGGRESSIVE;
				CLANG_WARN_UNREACHABLE_CODE = YES;
				CLANG_WARN__DUPLICATE_METHOD_MATCH = YES;
				COPY_PHASE_STRIP = NO;
				DEBUG_INFORMATION_FORMAT = "dwarf-with-dsym";
				ENABLE_NS_ASSERTIONS = NO;
				ENABLE_STRICT_OBJC_MSGSEND = YES;
				GCC_C_LANGUAGE_STANDARD = gnu11;
				GCC_NO_COMMON_BLOCKS = YES;
				GCC_WARN_64_TO_32_BIT_CONVERSION = YES;
				GCC_WARN_ABOUT_RETURN_TYPE = YES_ERROR;
				GCC_WARN_UNDECLARED_SELECTOR = YES;
				GCC_WARN_UNINITIALIZED_AUTOS = YES_AGGRESSIVE;
				GCC_WARN_UNUSED_FUNCTION = YES;
				GCC_WARN_UNUSED_VARIABLE = YES;
				IPHONEOS_DEPLOYMENT_TARGET = 17.0;
				MTL_ENABLE_DEBUG_INFO = NO;
				MTL_FAST_MATH = YES;
				PRODUCT_NAME = "$(TARGET_NAME)";
				SDKROOT = iphoneos;
				SWIFT_COMPILATION_MODE = wholemodule;
				SWIFT_OPTIMIZATION_LEVEL = "-O";
				SWIFT_VERSION = 5.0;
			};
			name = Release;
		};
		43A4461A00D28F633680DA77 /* Release */ = {
			isa = XCBuildConfiguration;
			baseConfigurationReference = 84BE9D5ECE56104E6EEC8C18 /* Config.xcconfig */;
			buildSettings = {
				ASSETCATALOG_COMPILER_APPICON_NAME = AppIcon;
				CODE_SIGN_IDENTITY = "iPhone Developer";
				DEVELOPMENT_TEAM = G562553TX6;
				GENERATE_INFOPLIST_FILE = YES;
				INFOPLIST_KEY_LSSupportsOpeningDocumentsInPlace = YES;
				INFOPLIST_KEY_UIApplicationSceneManifest_Generation = YES;
				INFOPLIST_KEY_UIApplicationSupportsIndirectInputEvents = YES;
				INFOPLIST_KEY_UIFileSharingEnabled = YES;
				INFOPLIST_KEY_UILaunchScreen_Generation = YES;
				INFOPLIST_KEY_UISupportedInterfaceOrientations_iPhone = "UIInterfaceOrientationPortrait UIInterfaceOrientationLandscapeLeft UIInterfaceOrientationLandscapeRight";
				LD_RUNPATH_SEARCH_PATHS = (
					"$(inherited)",
					"@executable_path/Frameworks",
				);
				SDKROOT = iphoneos;
				SWIFT_VERSION = 6.0;
				TARGETED_DEVICE_FAMILY = "1,2";
			};
			name = Release;
		};
		79D3424C5B60A9AB89CCAAC3 /* Debug */ = {
			isa = XCBuildConfiguration;
			buildSettings = {
				ALWAYS_SEARCH_USER_PATHS = NO;
				CLANG_ANALYZER_NONNULL = YES;
				CLANG_ANALYZER_NUMBER_OBJECT_CONVERSION = YES_AGGRESSIVE;
				CLANG_CXX_LANGUAGE_STANDARD = "gnu++14";
				CLANG_CXX_LIBRARY = "libc++";
				CLANG_ENABLE_MODULES = YES;
				CLANG_ENABLE_OBJC_ARC = YES;
				CLANG_ENABLE_OBJC_WEAK = YES;
				CLANG_WARN_BLOCK_CAPTURE_AUTORELEASING = YES;
				CLANG_WARN_BOOL_CONVERSION = YES;
				CLANG_WARN_COMMA = YES;
				CLANG_WARN_CONSTANT_CONVERSION = YES;
				CLANG_WARN_DEPRECATED_OBJC_IMPLEMENTATIONS = YES;
				CLANG_WARN_DIRECT_OBJC_ISA_USAGE = YES_ERROR;
				CLANG_WARN_DOCUMENTATION_COMMENTS = YES;
				CLANG_WARN_EMPTY_BODY = YES;
				CLANG_WARN_ENUM_CONVERSION = YES;
				CLANG_WARN_INFINITE_RECURSION = YES;
				CLANG_WARN_INT_CONVERSION = YES;
				CLANG_WARN_NON_LITERAL_NULL_CONVERSION = YES;
				CLANG_WARN_OBJC_IMPLICIT_RETAIN_SELF = YES;
				CLANG_WARN_OBJC_LITERAL_CONVERSION = YES;
				CLANG_WARN_OBJC_ROOT_CLASS = YES_ERROR;
				CLANG_WARN_QUOTED_INCLUDE_IN_FRAMEWORK_HEADER = YES;
				CLANG_WARN_RANGE_LOOP_ANALYSIS = YES;
				CLANG_WARN_STRICT_PROTOTYPES = YES;
				CLANG_WARN_SUSPICIOUS_MOVE = YES;
				CLANG_WARN_UNGUARDED_AVAILABILITY = YES_AGGRESSIVE;
				CLANG_WARN_UNREACHABLE_CODE = YES;
				CLANG_WARN__DUPLICATE_METHOD_MATCH = YES;
				COPY_PHASE_STRIP = NO;
				DEBUG_INFORMATION_FORMAT = dwarf;
				ENABLE_STRICT_OBJC_MSGSEND = YES;
				ENABLE_TESTABILITY = YES;
				GCC_C_LANGUAGE_STANDARD = gnu11;
				GCC_DYNAMIC_NO_PIC = NO;
				GCC_NO_COMMON_BLOCKS = YES;
				GCC_OPTIMIZATION_LEVEL = 0;
				GCC_PREPROCESSOR_DEFINITIONS = (
					"$(inherited)",
					"DEBUG=1",
				);
				GCC_WARN_64_TO_32_BIT_CONVERSION = YES;
				GCC_WARN_ABOUT_RETURN_TYPE = YES_ERROR;
				GCC_WARN_UNDECLARED_SELECTOR = YES;
				GCC_WARN_UNINITIALIZED_AUTOS = YES_AGGRESSIVE;
				GCC_WARN_UNUSED_FUNCTION = YES;
				GCC_WARN_UNUSED_VARIABLE = YES;
				IPHONEOS_DEPLOYMENT_TARGET = 17.0;
				MTL_ENABLE_DEBUG_INFO = INCLUDE_SOURCE;
				MTL_FAST_MATH = YES;
				ONLY_ACTIVE_ARCH = YES;
				PRODUCT_NAME = "$(TARGET_NAME)";
				SDKROOT = iphoneos;
				SWIFT_ACTIVE_COMPILATION_CONDITIONS = DEBUG;
				SWIFT_OPTIMIZATION_LEVEL = "-Onone";
				SWIFT_VERSION = 5.0;
			};
			name = Debug;
		};
		D0E83C3FF04F3B99F2D644DB /* Debug */ = {
			isa = XCBuildConfiguration;
			baseConfigurationReference = 84BE9D5ECE56104E6EEC8C18 /* Config.xcconfig */;
			buildSettings = {
				ASSETCATALOG_COMPILER_APPICON_NAME = AppIcon;
				CODE_SIGN_IDENTITY = "iPhone Developer";
				DEVELOPMENT_TEAM = G562553TX6;
				GENERATE_INFOPLIST_FILE = YES;
				INFOPLIST_KEY_LSSupportsOpeningDocumentsInPlace = YES;
				INFOPLIST_KEY_UIApplicationSceneManifest_Generation = YES;
				INFOPLIST_KEY_UIApplicationSupportsIndirectInputEvents = YES;
				INFOPLIST_KEY_UIFileSharingEnabled = YES;
				INFOPLIST_KEY_UILaunchScreen_Generation = YES;
				INFOPLIST_KEY_UISupportedInterfaceOrientations_iPhone = "UIInterfaceOrientationPortrait UIInterfaceOrientationLandscapeLeft UIInterfaceOrientationLandscapeRight";
				LD_RUNPATH_SEARCH_PATHS = (
					"$(inherited)",
					"@executable_path/Frameworks",
				);
				SDKROOT = iphoneos;
				SWIFT_VERSION = 6.0;
				TARGETED_DEVICE_FAMILY = "1,2";
			};
			name = Debug;
		};
/* End XCBuildConfiguration section */

/* Begin XCConfigurationList section */
		049D13E25DAFB810B19DAFF1 /* Build configuration list for PBXNativeTarget "NovelReader" */ = {
			isa = XCConfigurationList;
			buildConfigurations = (
				D0E83C3FF04F3B99F2D644DB /* Debug */,
				43A4461A00D28F633680DA77 /* Release */,
			);
			defaultConfigurationIsVisible = 0;
			defaultConfigurationName = Debug;
		};
		B7B6D9B37C35F6C8C98C20BD /* Build configuration list for PBXProject "NovelReader" */ = {
			isa = XCConfigurationList;
			buildConfigurations = (
				79D3424C5B60A9AB89CCAAC3 /* Debug */,
				43820FD2365E4847F08798EE /* Release */,
			);
			defaultConfigurationIsVisible = 0;
			defaultConfigurationName = Debug;
		};
/* End XCConfigurationList section */
	};
	rootObject = DDF257CEE18D75384BC10762 /* Project object */;
}
